
Microsoft Visual Studio Solution File, Format Version 12.00
# Visual Studio Version 17
VisualStudioVersion = 17.3.32901.215
MinimumVisualStudioVersion = 10.0.40219.1
Project("{FAE04EC0-301F-11D3-BF4B-00C04F79EFBC}") = "EFCoreRelationshipsNET6", "EFCoreRelationshipsNET6\EFCoreRelationshipsNET6.csproj", "{29F9D1C6-5B81-41E6-9739-7A67BC898343}"
EndProject
Global
	GlobalSection(SolutionConfigurationPlatforms) = preSolution
		Debug|Any CPU = Debug|Any CPU
		Release|Any CPU = Release|Any CPU
	EndGlobalSection
	GlobalSection(ProjectConfigurationPlatforms) = postSolution
		{29F9D1C6-5B81-41E6-9739-7A67BC898343}.Debug|Any CPU.ActiveCfg = Debug|Any CPU
		{29F9D1C6-5B81-41E6-9739-7A67BC898343}.Debug|Any CPU.Build.0 = Debug|Any CPU
		{29F9D1C6-5B81-41E6-9739-7A67BC898343}.Release|Any CPU.ActiveCfg = Release|Any CPU
		{29F9D1C6-5B81-41E6-9739-7A67BC898343}.Release|Any CPU.Build.0 = Release|Any CPU
	EndGlobalSection
	GlobalSection(SolutionProperties) = preSolution
		HideSolutionNode = FALSE
	EndGlobalSection
	GlobalSection(ExtensibilityGlobals) = postSolution
		SolutionGuid = {0B00FC55-2250-4F5D-9F09-8540E077EAE6}
	EndGlobalSection
EndGlobal
